
Microsoft Visual Studio Solution File, Format Version 12.00
# Visual Studio 15
VisualStudioVersion = 15.0.28307.1082
MinimumVisualStudioVersion = 10.0.40219.1
Project("{F184B08F-C81C-45F6-A57F-5ABD9991F28F}") = "NewtonRaphson", "NewtonRaphson\NewtonRaphson.vbproj", "{DED5233E-3BD5-477D-87CA-87BA451B2458}"
EndProject
Global
	GlobalSection(SolutionConfigurationPlatforms) = preSolution
		Debug|Any CPU = Debug|Any CPU
		Release|Any CPU = Release|Any CPU
	EndGlobalSection
	GlobalSection(ProjectConfigurationPlatforms) = postSolution
		{DED5233E-3BD5-477D-87CA-87BA451B2458}.Debug|Any CPU.ActiveCfg = Debug|Any CPU
		{DED5233E-3BD5-477D-87CA-87BA451B2458}.Debug|Any CPU.Build.0 = Debug|Any CPU
		{DED5233E-3BD5-477D-87CA-87BA451B2458}.Release|Any CPU.ActiveCfg = Release|Any CPU
		{DED5233E-3BD5-477D-87CA-87BA451B2458}.Release|Any CPU.Build.0 = Release|Any CPU
	EndGlobalSection
	GlobalSection(SolutionProperties) = preSolution
		HideSolutionNode = FALSE
	EndGlobalSection
	GlobalSection(ExtensibilityGlobals) = postSolution
		SolutionGuid = {B1AA7F6C-5531-46E2-9292-7DD34ECF32D0}
	EndGlobalSection
EndGlobal
